
Microsoft Visual Studio Solution File, Format Version 12.00
# Visual Studio Version 17
VisualStudioVersion = 17.1.32407.343
MinimumVisualStudioVersion = 10.0.40219.1
Project("{FAE04EC0-301F-11D3-BF4B-00C04F79EFBC}") = "PigLatinTranslator", "PigLatinTranslator\PigLatinTranslator.csproj", "{D703F5EC-9F6C-4BE0-BA31-D13282F215C1}"
EndProject
Global
	GlobalSection(SolutionConfigurationPlatforms) = preSolution
		Debug|Any CPU = Debug|Any CPU
		Release|Any CPU = Release|Any CPU
	EndGlobalSection
	GlobalSection(ProjectConfigurationPlatforms) = postSolution
		{D703F5EC-9F6C-4BE0-BA31-D13282F215C1}.Debug|Any CPU.ActiveCfg = Debug|Any CPU
		{D703F5EC-9F6C-4BE0-BA31-D13282F215C1}.Debug|Any CPU.Build.0 = Debug|Any CPU
		{D703F5EC-9F6C-4BE0-BA31-D13282F215C1}.Release|Any CPU.ActiveCfg = Release|Any CPU
		{D703F5EC-9F6C-4BE0-BA31-D13282F215C1}.Release|Any CPU.Build.0 = Release|Any CPU
	EndGlobalSection
	GlobalSection(SolutionProperties) = preSolution
		HideSolutionNode = FALSE
	EndGlobalSection
	GlobalSection(ExtensibilityGlobals) = postSolution
		SolutionGuid = {EBD7D1D6-0001-4230-96E6-AFBA5E567590}
	EndGlobalSection
EndGlobal
